// !$*UTF8*$!
{
	archiveVersion = 1;
	classes = {
	};
	objectVersion = 55;
	objects = {

/* Begin PBXBuildFile section */
		6AA3C49E288B43A000D48DF4 /* Investment_TrackerApp.swift in Sources */ = {isa = PBXBuildFile; fileRef = 6AA3C49D288B43A000D48DF4 /* Investment_TrackerApp.swift */; };
		6AA3C4A0288B43A000D48DF4 /* ContentView.swift in Sources */ = {isa = PBXBuildFile; fileRef = 6AA3C49F288B43A000D48DF4 /* ContentView.swift */; };
		6AA3C4A2288B43A100D48DF4 /* Assets.xcassets in Resources */ = {isa = PBXBuildFile; fileRef = 6AA3C4A1288B43A100D48DF4 /* Assets.xcassets */; };
		6AA3C4A5288B43A100D48DF4 /* Preview Assets.xcassets in Resources */ = {isa = PBXBuildFile; fileRef = 6AA3C4A4288B43A100D48DF4 /* Preview Assets.xcassets */; };
		6AA3C4AF288B43A100D48DF4 /* Investment_TrackerTests.swift in Sources */ = {isa = PBXBuildFile; fileRef = 6AA3C4AE288B43A100D48DF4 /* Investment_TrackerTests.swift */; };
		6AA3C4B9288B43A100D48DF4 /* Investment_TrackerUITests.swift in Sources */ = {isa = PBXBuildFile; fileRef = 6AA3C4B8288B43A100D48DF4 /* Investment_TrackerUITests.swift */; };
		6AA3C4BB288B43A100D48DF4 /* Investment_TrackerUITestsLaunchTests.swift in Sources */ = {isa = PBXBuildFile; fileRef = 6AA3C4BA288B43A100D48DF4 /* Investment_TrackerUITestsLaunchTests.swift */; };
/* End PBXBuildFile section */

/* Begin PBXContainerItemProxy section */
		6AA3C4AB288B43A100D48DF4 /* PBXContainerItemProxy */ = {
			isa = PBXContainerItemProxy;
			containerPortal = 6AA3C492288B43A000D48DF4 /* Project object */;
			proxyType = 1;
			remoteGlobalIDString = 6AA3C499288B43A000D48DF4;
			remoteInfo = "Investment Tracker";
		};
		6AA3C4B5288B43A100D48DF4 /* PBXContainerItemProxy */ = {
			isa = PBXContainerItemProxy;
			containerPortal = 6AA3C492288B43A000D48DF4 /* Project object */;
			proxyType = 1;
			remoteGlobalIDString = 6AA3C499288B43A000D48DF4;
			remoteInfo = "Investment Tracker";
		};
/* End PBXContainerItemProxy section */

/* Begin PBXFileReference section */
		6AA3C49A288B43A000D48DF4 /* Investment Tracker.app */ = {isa = PBXFileReference; explicitFileType = wrapper.application; includeInIndex = 0; path = "Investment Tracker.app"; sourceTree = BUILT_PRODUCTS_DIR; };
		6AA3C49D288B43A000D48DF4 /* Investment_TrackerApp.swift */ = {isa = PBXFileReference; lastKnownFileType = sourcecode.swift; path = Investment_TrackerApp.swift; sourceTree = "<group>"; };
		6AA3C49F288B43A000D48DF4 /* ContentView.swift */ = {isa = PBXFileReference; lastKnownFileType = sourcecode.swift; path = ContentView.swift; sourceTree = "<group>"; };
		6AA3C4A1288B43A100D48DF4 /* Assets.xcassets */ = {isa = PBXFileReference; lastKnownFileType = folder.assetcatalog; path = Assets.xcassets; sourceTree = "<group>"; };
		6AA3C4A4288B43A100D48DF4 /* Preview Assets.xcassets */ = {isa = PBXFileReference; lastKnownFileType = folder.assetcatalog; path = "Preview Assets.xcassets"; sourceTree = "<group>"; };
		6AA3C4AA288B43A100D48DF4 /* Investment TrackerTests.xctest */ = {isa = PBXFileReference; explicitFileType = wrapper.cfbundle; includeInIndex = 0; path = "Investment TrackerTests.xctest"; sourceTree = BUILT_PRODUCTS_DIR; };
		6AA3C4AE288B43A100D48DF4 /* Investment_TrackerTests.swift */ = {isa = PBXFileReference; lastKnownFileType = sourcecode.swift; path = Investment_TrackerTests.swift; sourceTree = "<group>"; };
		6AA3C4B4288B43A100D48DF4 /* Investment TrackerUITests.xctest */ = {isa = PBXFileReference; explicitFileType = wrapper.cfbundle; includeInIndex = 0; path = "Investment TrackerUITests.xctest"; sourceTree = BUILT_PRODUCTS_DIR; };
		6AA3C4B8288B43A100D48DF4 /* Investment_TrackerUITests.swift */ = {isa = PBXFileReference; lastKnownFileType = sourcecode.swift; path = Investment_TrackerUITests.swift; sourceTree = "<group>"; };
		6AA3C4BA288B43A100D48DF4 /* Investment_TrackerUITestsLaunchTests.swift */ = {isa = PBXFileReference; lastKnownFileType = sourcecode.swift; path = Investment_TrackerUITestsLaunchTests.swift; sourceTree = "<group>"; };
/* End PBXFileReference section */

/* Begin PBXFrameworksBuildPhase section */
		6AA3C497288B43A000D48DF4 /* Frameworks */ = {
			isa = PBXFrameworksBuildPhase;
			buildActionMask = 2147483647;
			files = (
			);
			runOnlyForDeploymentPostprocessing = 0;
		};
		6AA3C4A7288B43A100D48DF4 /* Frameworks */ = {
			isa = PBXFrameworksBuildPhase;
			buildActionMask = 2147483647;
			files = (
			);
			runOnlyForDeploymentPostprocessing = 0;
		};
		6AA3C4B1288B43A100D48DF4 /* Frameworks */ = {
			isa = PBXFrameworksBuildPhase;
			buildActionMask = 2147483647;
			files = (
			);
			runOnlyForDeploymentPostprocessing = 0;
		};
/* End PBXFrameworksBuildPhase section */

/* Begin PBXGroup section */
		6AA3C491288B43A000D48DF4 = {
			isa = PBXGroup;
			children = (
				6AA3C49C288B43A000D48DF4 /* Investment Tracker */,
				6AA3C4AD288B43A100D48DF4 /* Investment TrackerTests */,
				6AA3C4B7288B43A100D48DF4 /* Investment TrackerUITests */,
				6AA3C49B288B43A000D48DF4 /* Products */,
			);
			sourceTree = "<group>";
		};
		6AA3C49B288B43A000D48DF4 /* Products */ = {
			isa = PBXGroup;
			children = (
				6AA3C49A288B43A000D48DF4 /* Investment Tracker.app */,
				6AA3C4AA288B43A100D48DF4 /* Investment TrackerTests.xctest */,
				6AA3C4B4288B43A100D48DF4 /* Investment TrackerUITests.xctest */,
			);
			name = Products;
			sourceTree = "<group>";
		};
		6AA3C49C288B43A000D48DF4 /* Investment Tracker */ = {
			isa = PBXGroup;
			children = (
				6AA3C49D288B43A000D48DF4 /* Investment_TrackerApp.swift */,
				6AA3C49F288B43A000D48DF4 /* ContentView.swift */,
				6AA3C4A1288B43A100D48DF4 /* Assets.xcassets */,
				6AA3C4A3288B43A100D48DF4 /* Preview Content */,
			);
			path = "Investment Tracker";
			sourceTree = "<group>";
		};
		6AA3C4A3288B43A100D48DF4 /* Preview Content */ = {
			isa = PBXGroup;
			children = (
				6AA3C4A4288B43A100D48DF4 /* Preview Assets.xcassets */,
			);
			path = "Preview Content";
			sourceTree = "<group>";
		};
		6AA3C4AD288B43A100D48DF4 /* Investment TrackerTests */ = {
			isa = PBXGroup;
			children = (
				6AA3C4AE288B43A100D48DF4 /* Investment_TrackerTests.swift */,
			);
			path = "Investment TrackerTests";
			sourceTree = "<group>";
		};
		6AA3C4B7288B43A100D48DF4 /* Investment TrackerUITests */ = {
			isa = PBXGroup;
			children = (
				6AA3C4B8288B43A100D48DF4 /* Investment_TrackerUITests.swift */,
				6AA3C4BA288B43A100D48DF4 /* Investment_TrackerUITestsLaunchTests.swift */,
			);
			path = "Investment TrackerUITests";
			sourceTree = "<group>";
		};
/* End PBXGroup section */

/* Begin PBXNativeTarget section */
		6AA3C499288B43A000D48DF4 /* Investment Tracker */ = {
			isa = PBXNativeTarget;
			buildConfigurationList = 6AA3C4BE288B43A100D48DF4 /* Build configuration list for PBXNativeTarget "Investment Tracker" */;
			buildPhases = (
				6AA3C496288B43A000D48DF4 /* Sources */,
				6AA3C497288B43A000D48DF4 /* Frameworks */,
				6AA3C498288B43A000D48DF4 /* Resources */,
			);
			buildRules = (
			);
			dependencies = (
			);
			name = "Investment Tracker";
			productName = "Investment Tracker";
			productReference = 6AA3C49A288B43A000D48DF4 /* Investment Tracker.app */;
			productType = "com.apple.product-type.application";
		};
		6AA3C4A9288B43A100D48DF4 /* Investment TrackerTests */ = {
			isa = PBXNativeTarget;
			buildConfigurationList = 6AA3C4C1288B43A100D48DF4 /* Build configuration list for PBXNativeTarget "Investment TrackerTests" */;
			buildPhases = (
				6AA3C4A6288B43A100D48DF4 /* Sources */,
				6AA3C4A7288B43A100D48DF4 /* Frameworks */,
				6AA3C4A8288B43A100D48DF4 /* Resources */,
			);
			buildRules = (
			);
			dependencies = (
				6AA3C4AC288B43A100D48DF4 /* PBXTargetDependency */,
			);
			name = "Investment TrackerTests";
			productName = "Investment TrackerTests";
			productReference = 6AA3C4AA288B43A100D48DF4 /* Investment TrackerTests.xctest */;
			productType = "com.apple.product-type.bundle.unit-test";
		};
		6AA3C4B3288B43A100D48DF4 /* Investment TrackerUITests */ = {
			isa = PBXNativeTarget;
			buildConfigurationList = 6AA3C4C4288B43A100D48DF4 /* Build configuration list for PBXNativeTarget "Investment TrackerUITests" */;
			buildPhases = (
				6AA3C4B0288B43A100D48DF4 /* Sources */,
				6AA3C4B1288B43A100D48DF4 /* Frameworks */,
				6AA3C4B2288B43A100D48DF4 /* Resources */,
			);
			buildRules = (
			);
			dependencies = (
				6AA3C4B6288B43A100D48DF4 /* PBXTargetDependency */,
			);
			name = "Investment TrackerUITests";
			productName = "Investment TrackerUITests";
			productReference = 6AA3C4B4288B43A100D48DF4 /* Investment TrackerUITests.xctest */;
			productType = "com.apple.product-type.bundle.ui-testing";
		};
/* End PBXNativeTarget section */

/* Begin PBXProject section */
		6AA3C492288B43A000D48DF4 /* Project object */ = {
			isa = PBXProject;
			attributes = {
				BuildIndependentTargetsInParallel = 1;
				LastSwiftUpdateCheck = 1340;
				LastUpgradeCheck = 1340;
				TargetAttributes = {
					6AA3C499288B43A000D48DF4 = {
						CreatedOnToolsVersion = 13.4.1;
					};
					6AA3C4A9288B43A100D48DF4 = {
						CreatedOnToolsVersion = 13.4.1;
						TestTargetID = 6AA3C499288B43A000D48DF4;
					};
					6AA3C4B3288B43A100D48DF4 = {
						CreatedOnToolsVersion = 13.4.1;
						TestTargetID = 6AA3C499288B43A000D48DF4;
					};
				};
			};
			buildConfigurationList = 6AA3C495288B43A000D48DF4 /* Build configuration list for PBXProject "Investment Tracker" */;
			compatibilityVersion = "Xcode 13.0";
			developmentRegion = en;
			hasScannedForEncodings = 0;
			knownRegions = (
				en,
				Base,
			);
			mainGroup = 6AA3C491288B43A000D48DF4;
			productRefGroup = 6AA3C49B288B43A000D48DF4 /* Products */;
			projectDirPath = "";
			projectRoot = "";
			targets = (
				6AA3C499288B43A000D48DF4 /* Investment Tracker */,
				6AA3C4A9288B43A100D48DF4 /* Investment TrackerTests */,
				6AA3C4B3288B43A100D48DF4 /* Investment TrackerUITests */,
			);
		};
/* End PBXProject section */

/* Begin PBXResourcesBuildPhase section */
		6AA3C498288B43A000D48DF4 /* Resources */ = {
			isa = PBXResourcesBuildPhase;
			buildActionMask = 2147483647;
			files = (
				6AA3C4A5288B43A100D48DF4 /* Preview Assets.xcassets in Resources */,
				6AA3C4A2288B43A100D48DF4 /* Assets.xcassets in Resources */,
			);
			runOnlyForDeploymentPostprocessing = 0;
		};
		6AA3C4A8288B43A100D48DF4 /* Resources */ = {
			isa = PBXResourcesBuildPhase;
			buildActionMask = 2147483647;
			files = (
			);
			runOnlyForDeploymentPostprocessing = 0;
		};
		6AA3C4B2288B43A100D48DF4 /* Resources */ = {
			isa = PBXResourcesBuildPhase;
			buildActionMask = 2147483647;
			files = (
			);
			runOnlyForDeploymentPostprocessing = 0;
		};
/* End PBXResourcesBuildPhase section */

/* Begin PBXSourcesBuildPhase section */
		6AA3C496288B43A000D48DF4 /* Sources */ = {
			isa = PBXSourcesBuildPhase;
			buildActionMask = 2147483647;
			files = (
				6AA3C4A0288B43A000D48DF4 /* ContentView.swift in Sources */,
				6AA3C49E288B43A000D48DF4 /* Investment_TrackerApp.swift in Sources */,
			);
			runOnlyForDeploymentPostprocessing = 0;
		};
		6AA3C4A6288B43A100D48DF4 /* Sources */ = {
			isa = PBXSourcesBuildPhase;
			buildActionMask = 2147483647;
			files = (
				6AA3C4AF288B43A100D48DF4 /* Investment_TrackerTests.swift in Sources */,
			);
			runOnlyForDeploymentPostprocessing = 0;
		};
		6AA3C4B0288B43A100D48DF4 /* Sources */ = {
			isa = PBXSourcesBuildPhase;
			buildActionMask = 2147483647;
			files = (
				6AA3C4BB288B43A100D48DF4 /* Investment_TrackerUITestsLaunchTests.swift in Sources */,
				6AA3C4B9288B43A100D48DF4 /* Investment_TrackerUITests.swift in Sources */,
			);
			runOnlyForDeploymentPostprocessing = 0;
		};
/* End PBXSourcesBuildPhase section */

/* Begin PBXTargetDependency section */
		6AA3C4AC288B43A100D48DF4 /* PBXTargetDependency */ = {
			isa = PBXTargetDependency;
			target = 6AA3C499288B43A000D48DF4 /* Investment Tracker */;
			targetProxy = 6AA3C4AB288B43A100D48DF4 /* PBXContainerItemProxy */;
		};
		6AA3C4B6288B43A100D48DF4 /* PBXTargetDependency */ = {
			isa = PBXTargetDependency;
			target = 6AA3C499288B43A000D48DF4 /* Investment Tracker */;
			targetProxy = 6AA3C4B5288B43A100D48DF4 /* PBXContainerItemProxy */;
		};
/* End PBXTargetDependency section */

/* Begin XCBuildConfiguration section */
		6AA3C4BC288B43A100D48DF4 /* Debug */ = {
			isa = XCBuildConfiguration;
			buildSettings = {
				ALWAYS_SEARCH_USER_PATHS = NO;
				CLANG_ANALYZER_NONNULL = YES;
				CLANG_ANALYZER_NUMBER_OBJECT_CONVERSION = YES_AGGRESSIVE;
				CLANG_CXX_LANGUAGE_STANDARD = "gnu++17";
				CLANG_ENABLE_MODULES = YES;
				CLANG_ENABLE_OBJC_ARC = YES;
				CLANG_ENABLE_OBJC_WEAK = YES;
				CLANG_WARN_BLOCK_CAPTURE_AUTORELEASING = YES;
				CLANG_WARN_BOOL_CONVERSION = YES;
				CLANG_WARN_COMMA = YES;
				CLANG_WARN_CONSTANT_CONVERSION = YES;
				CLANG_WARN_DEPRECATED_OBJC_IMPLEMENTATIONS = YES;
				CLANG_WARN_DIRECT_OBJC_ISA_USAGE = YES_ERROR;
				CLANG_WARN_DOCUMENTATION_COMMENTS = YES;
				CLANG_WARN_EMPTY_BODY = YES;
				CLANG_WARN_ENUM_CONVERSION = YES;
				CLANG_WARN_INFINITE_RECURSION = YES;
				CLANG_WARN_INT_CONVERSION = YES;
				CLANG_WARN_NON_LITERAL_NULL_CONVERSION = YES;
				CLANG_WARN_OBJC_IMPLICIT_RETAIN_SELF = YES;
				CLANG_WARN_OBJC_LITERAL_CONVERSION = YES;
				CLANG_WARN_OBJC_ROOT_CLASS = YES_ERROR;
				CLANG_WARN_QUOTED_INCLUDE_IN_FRAMEWORK_HEADER = YES;
				CLANG_WARN_RANGE_LOOP_ANALYSIS = YES;
				CLANG_WARN_STRICT_PROTOTYPES = YES;
				CLANG_WARN_SUSPICIOUS_MOVE = YES;
				CLANG_WARN_UNGUARDED_AVAILABILITY = YES_AGGRESSIVE;
				CLANG_WARN_UNREACHABLE_CODE = YES;
				CLANG_WARN__DUPLICATE_METHOD_MATCH = YES;
				COPY_PHASE_STRIP = NO;
				DEBUG_INFORMATION_FORMAT = dwarf;
				ENABLE_STRICT_OBJC_MSGSEND = YES;
				ENABLE_TESTABILITY = YES;
				GCC_C_LANGUAGE_STANDARD = gnu11;
				GCC_DYNAMIC_NO_PIC = NO;
				GCC_NO_COMMON_BLOCKS = YES;
				GCC_OPTIMIZATION_LEVEL = 0;
				GCC_PREPROCESSOR_DEFINITIONS = (
					"DEBUG=1",
					"$(inherited)",
				);
				GCC_WARN_64_TO_32_BIT_CONVERSION = YES;
				GCC_WARN_ABOUT_RETURN_TYPE = YES_ERROR;
				GCC_WARN_UNDECLARED_SELECTOR = YES;
				GCC_WARN_UNINITIALIZED_AUTOS = YES_AGGRESSIVE;
				GCC_WARN_UNUSED_FUNCTION = YES;
				GCC_WARN_UNUSED_VARIABLE = YES;
				IPHONEOS_DEPLOYMENT_TARGET = 15.5;
				MTL_ENABLE_DEBUG_INFO = INCLUDE_SOURCE;
				MTL_FAST_MATH = YES;
				ONLY_ACTIVE_ARCH = YES;
				SDKROOT = iphoneos;
				SWIFT_ACTIVE_COMPILATION_CONDITIONS = DEBUG;
				SWIFT_OPTIMIZATION_LEVEL = "-Onone";
			};
			name = Debug;
		};
		6AA3C4BD288B43A100D48DF4 /* Release */ = {
			isa = XCBuildConfiguration;
			buildSettings = {
				ALWAYS_SEARCH_USER_PATHS = NO;
				CLANG_ANALYZER_NONNULL = YES;
				CLANG_ANALYZER_NUMBER_OBJECT_CONVERSION = YES_AGGRESSIVE;
				CLANG_CXX_LANGUAGE_STANDARD = "gnu++17";
				CLANG_ENABLE_MODULES = YES;
				CLANG_ENABLE_OBJC_ARC = YES;
				CLANG_ENABLE_OBJC_WEAK = YES;
				CLANG_WARN_BLOCK_CAPTURE_AUTORELEASING = YES;
				CLANG_WARN_BOOL_CONVERSION = YES;
				CLANG_WARN_COMMA = YES;
				CLANG_WARN_CONSTANT_CONVERSION = YES;
				CLANG_WARN_DEPRECATED_OBJC_IMPLEMENTATIONS = YES;
				CLANG_WARN_DIRECT_OBJC_ISA_USAGE = YES_ERROR;
				CLANG_WARN_DOCUMENTATION_COMMENTS = YES;
				CLANG_WARN_EMPTY_BODY = YES;
				CLANG_WARN_ENUM_CONVERSION = YES;
				CLANG_WARN_INFINITE_RECURSION = YES;
				CLANG_WARN_INT_CONVERSION = YES;
				CLANG_WARN_NON_LITERAL_NULL_CONVERSION = YES;
				CLANG_WARN_OBJC_IMPLICIT_RETAIN_SELF = YES;
				CLANG_WARN_OBJC_LITERAL_CONVERSION = YES;
				CLANG_WARN_OBJC_ROOT_CLASS = YES_ERROR;
				CLANG_WARN_QUOTED_INCLUDE_IN_FRAMEWORK_HEADER = YES;
				CLANG_WARN_RANGE_LOOP_ANALYSIS = YES;
				CLANG_WARN_STRICT_PROTOTYPES = YES;
				CLANG_WARN_SUSPICIOUS_MOVE = YES;
				CLANG_WARN_UNGUARDED_AVAILABILITY = YES_AGGRESSIVE;
				CLANG_WARN_UNREACHABLE_CODE = YES;
				CLANG_WARN__DUPLICATE_METHOD_MATCH = YES;
				COPY_PHASE_STRIP = NO;
				DEBUG_INFORMATION_FORMAT = "dwarf-with-dsym";
				ENABLE_NS_ASSERTIONS = NO;
				ENABLE_STRICT_OBJC_MSGSEND = YES;
				GCC_C_LANGUAGE_STANDARD = gnu11;
				GCC_NO_COMMON_BLOCKS = YES;
				GCC_WARN_64_TO_32_BIT_CONVERSION = YES;
				GCC_WARN_ABOUT_RETURN_TYPE = YES_ERROR;
				GCC_WARN_UNDECLARED_SELECTOR = YES;
				GCC_WARN_UNINITIALIZED_AUTOS = YES_AGGRESSIVE;
				GCC_WARN_UNUSED_FUNCTION = YES;
				GCC_WARN_UNUSED_VARIABLE = YES;
				IPHONEOS_DEPLOYMENT_TARGET = 15.5;
				MTL_ENABLE_DEBUG_INFO = NO;
				MTL_FAST_MATH = YES;
				SDKROOT = iphoneos;
				SWIFT_COMPILATION_MODE = wholemodule;
				SWIFT_OPTIMIZATION_LEVEL = "-O";
				VALIDATE_PRODUCT = YES;
			};
			name = Release;
		};
		6AA3C4BF288B43A100D48DF4 /* Debug */ = {
			isa = XCBuildConfiguration;
			buildSettings = {
				ASSETCATALOG_COMPILER_APPICON_NAME = AppIcon;
				ASSETCATALOG_COMPILER_GLOBAL_ACCENT_COLOR_NAME = AccentColor;
				CODE_SIGN_STYLE = Automatic;
				CURRENT_PROJECT_VERSION = 1;
				DEVELOPMENT_ASSET_PATHS = "\"Investment Tracker/Preview Content\"";
				ENABLE_PREVIEWS = YES;
				GENERATE_INFOPLIST_FILE = YES;
				INFOPLIST_KEY_UIApplicationSceneManifest_Generation = YES;
				INFOPLIST_KEY_UIApplicationSupportsIndirectInputEvents = YES;
				INFOPLIST_KEY_UILaunchScreen_Generation = YES;
				INFOPLIST_KEY_UISupportedInterfaceOrientations_iPad = "UIInterfaceOrientationPortrait UIInterfaceOrientationPortraitUpsideDown UIInterfaceOrientationLandscapeLeft UIInterfaceOrientationLandscapeRight";
				INFOPLIST_KEY_UISupportedInterfaceOrientations_iPhone = "UIInterfaceOrientationPortrait UIInterfaceOrientationLandscapeLeft UIInterfaceOrientationLandscapeRight";
				LD_RUNPATH_SEARCH_PATHS = (
					"$(inherited)",
					"@executable_path/Frameworks",
				);
				MARKETING_VERSION = 1.0;
				PRODUCT_BUNDLE_IDENTIFIER = "nair1.Investment-Tracker";
				PRODUCT_NAME = "$(TARGET_NAME)";
				SWIFT_EMIT_LOC_STRINGS = YES;
				SWIFT_VERSION = 5.0;
				TARGETED_DEVICE_FAMILY = "1,2";
			};
			name = Debug;
		};
		6AA3C4C0288B43A100D48DF4 /* Release */ = {
			isa = XCBuildConfiguration;
			buildSettings = {
				ASSETCATALOG_COMPILER_APPICON_NAME = AppIcon;
				ASSETCATALOG_COMPILER_GLOBAL_ACCENT_COLOR_NAME = AccentColor;
				CODE_SIGN_STYLE = Automatic;
				CURRENT_PROJECT_VERSION = 1;
				DEVELOPMENT_ASSET_PATHS = "\"Investment Tracker/Preview Content\"";
				ENABLE_PREVIEWS = YES;
				GENERATE_INFOPLIST_FILE = YES;
				INFOPLIST_KEY_UIApplicationSceneManifest_Generation = YES;
				INFOPLIST_KEY_UIApplicationSupportsIndirectInputEvents = YES;
				INFOPLIST_KEY_UILaunchScreen_Generation = YES;
				INFOPLIST_KEY_UISupportedInterfaceOrientations_iPad = "UIInterfaceOrientationPortrait UIInterfaceOrientationPortraitUpsideDown UIInterfaceOrientationLandscapeLeft UIInterfaceOrientationLandscapeRight";
				INFOPLIST_KEY_UISupportedInterfaceOrientations_iPhone = "UIInterfaceOrientationPortrait UIInterfaceOrientationLandscapeLeft UIInterfaceOrientationLandscapeRight";
				LD_RUNPATH_SEARCH_PATHS = (
					"$(inherited)",
					"@executable_path/Frameworks",
				);
				MARKETING_VERSION = 1.0;
				PRODUCT_BUNDLE_IDENTIFIER = "nair1.Investment-Tracker";
				PRODUCT_NAME = "$(TARGET_NAME)";
				SWIFT_EMIT_LOC_STRINGS = YES;
				SWIFT_VERSION = 5.0;
				TARGETED_DEVICE_FAMILY = "1,2";
			};
			name = Release;
		};
		6AA3C4C2288B43A100D48DF4 /* Debug */ = {
			isa = XCBuildConfiguration;
			buildSettings = {
				ALWAYS_EMBED_SWIFT_STANDARD_LIBRARIES = YES;
				BUNDLE_LOADER = "$(TEST_HOST)";
				CODE_SIGN_STYLE = Automatic;
				CURRENT_PROJECT_VERSION = 1;
				GENERATE_INFOPLIST_FILE = YES;
				IPHONEOS_DEPLOYMENT_TARGET = 15.5;
				MARKETING_VERSION = 1.0;
				PRODUCT_BUNDLE_IDENTIFIER = "nair1.Investment-TrackerTests";
				PRODUCT_NAME = "$(TARGET_NAME)";
				SWIFT_EMIT_LOC_STRINGS = NO;
				SWIFT_VERSION = 5.0;
				TARGETED_DEVICE_FAMILY = "1,2";
				TEST_HOST = "$(BUILT_PRODUCTS_DIR)/Investment Tracker.app/Investment Tracker";
			};
			name = Debug;
		};
		6AA3C4C3288B43A100D48DF4 /* Release */ = {
			isa = XCBuildConfiguration;
			buildSettings = {
				ALWAYS_EMBED_SWIFT_STANDARD_LIBRARIES = YES;
				BUNDLE_LOADER = "$(TEST_HOST)";
				CODE_SIGN_STYLE = Automatic;
				CURRENT_PROJECT_VERSION = 1;
				GENERATE_INFOPLIST_FILE = YES;
				IPHONEOS_DEPLOYMENT_TARGET = 15.5;
				MARKETING_VERSION = 1.0;
				PRODUCT_BUNDLE_IDENTIFIER = "nair1.Investment-TrackerTests";
				PRODUCT_NAME = "$(TARGET_NAME)";
				SWIFT_EMIT_LOC_STRINGS = NO;
				SWIFT_VERSION = 5.0;
				TARGETED_DEVICE_FAMILY = "1,2";
				TEST_HOST = "$(BUILT_PRODUCTS_DIR)/Investment Tracker.app/Investment Tracker";
			};
			name = Release;
		};
		6AA3C4C5288B43A100D48DF4 /* Debug */ = {
			isa = XCBuildConfiguration;
			buildSettings = {
				ALWAYS_EMBED_SWIFT_STANDARD_LIBRARIES = YES;
				CODE_SIGN_STYLE = Automatic;
				CURRENT_PROJECT_VERSION = 1;
				GENERATE_INFOPLIST_FILE = YES;
				MARKETING_VERSION = 1.0;
				PRODUCT_BUNDLE_IDENTIFIER = "nair1.Investment-TrackerUITests";
				PRODUCT_NAME = "$(TARGET_NAME)";
				SWIFT_EMIT_LOC_STRINGS = NO;
				SWIFT_VERSION = 5.0;
				TARGETED_DEVICE_FAMILY = "1,2";
				TEST_TARGET_NAME = "Investment Tracker";
			};
			name = Debug;
		};
		6AA3C4C6288B43A100D48DF4 /* Release */ = {
			isa = XCBuildConfiguration;
			buildSettings = {
				ALWAYS_EMBED_SWIFT_STANDARD_LIBRARIES = YES;
				CODE_SIGN_STYLE = Automatic;
				CURRENT_PROJECT_VERSION = 1;
				GENERATE_INFOPLIST_FILE = YES;
				MARKETING_VERSION = 1.0;
				PRODUCT_BUNDLE_IDENTIFIER = "nair1.Investment-TrackerUITests";
				PRODUCT_NAME = "$(TARGET_NAME)";
				SWIFT_EMIT_LOC_STRINGS = NO;
				SWIFT_VERSION = 5.0;
				TARGETED_DEVICE_FAMILY = "1,2";
				TEST_TARGET_NAME = "Investment Tracker";
			};
			name = Release;
		};
/* End XCBuildConfiguration section */

/* Begin XCConfigurationList section */
		6AA3C495288B43A000D48DF4 /* Build configuration list for PBXProject "Investment Tracker" */ = {
			isa = XCConfigurationList;
			buildConfigurations = (
				6AA3C4BC288B43A100D48DF4 /* Debug */,
				6AA3C4BD288B43A100D48DF4 /* Release */,
			);
			defaultConfigurationIsVisible = 0;
			defaultConfigurationName = Release;
		};
		6AA3C4BE288B43A100D48DF4 /* Build configuration list for PBXNativeTarget "Investment Tracker" */ = {
			isa = XCConfigurationList;
			buildConfigurations = (
				6AA3C4BF288B43A100D48DF4 /* Debug */,
				6AA3C4C0288B43A100D48DF4 /* Release */,
			);
			defaultConfigurationIsVisible = 0;
			defaultConfigurationName = Release;
		};
		6AA3C4C1288B43A100D48DF4 /* Build configuration list for PBXNativeTarget "Investment TrackerTests" */ = {
			isa = XCConfigurationList;
			buildConfigurations = (
				6AA3C4C2288B43A100D48DF4 /* Debug */,
				6AA3C4C3288B43A100D48DF4 /* Release */,
			);
			defaultConfigurationIsVisible = 0;
			defaultConfigurationName = Release;
		};
		6AA3C4C4288B43A100D48DF4 /* Build configuration list for PBXNativeTarget "Investment TrackerUITests" */ = {
			isa = XCConfigurationList;
			buildConfigurations = (
				6AA3C4C5288B43A100D48DF4 /* Debug */,
				6AA3C4C6288B43A100D48DF4 /* Release */,
			);
			defaultConfigurationIsVisible = 0;
			defaultConfigurationName = Release;
		};
/* End XCConfigurationList section */
	};
	rootObject = 6AA3C492288B43A000D48DF4 /* Project object */;
}
